// !$*UTF8*$!
{
	archiveVersion = 1;
	classes = {
	};
	objectVersion = 46;
	objects = {

/* Begin PBXBuildFile section */
		A32B84981A79A1DD00F8BB9C /* main.m in Sources */ = {isa = PBXBuildFile; fileRef = A32B84971A79A1DD00F8BB9C /* main.m */; };
		A32B849B1A79A1DD00F8BB9C /* AppDelegate.m in Sources */ = {isa = PBXBuildFile; fileRef = A32B849A1A79A1DD00F8BB9C /* AppDelegate.m */; };
		A32B849E1A79A1DD00F8BB9C /* ViewController.m in Sources */ = {isa = PBXBuildFile; fileRef = A32B849D1A79A1DD00F8BB9C /* ViewController.m */; };
		A32B84A11A79A1DD00F8BB9C /* Main.storyboard in Resources */ = {isa = PBXBuildFile; fileRef = A32B849F1A79A1DD00F8BB9C /* Main.storyboard */; };
		A32B84A31A79A1DD00F8BB9C /* Images.xcassets in Resources */ = {isa = PBXBuildFile; fileRef = A32B84A21A79A1DD00F8BB9C /* Images.xcassets */; };
		A32B84A61A79A1DD00F8BB9C /* LaunchScreen.xib in Resources */ = {isa = PBXBuildFile; fileRef = A32B84A41A79A1DD00F8BB9C /* LaunchScreen.xib */; };
		A32B84B21A79A1DD00F8BB9C /* TestAnimationTests.m in Sources */ = {isa = PBXBuildFile; fileRef = A32B84B11A79A1DD00F8BB9C /* TestAnimationTests.m */; };
/* End PBXBuildFile section */

/* Begin PBXContainerItemProxy section */
		A32B84AC1A79A1DD00F8BB9C /* PBXContainerItemProxy */ = {
			isa = PBXContainerItemProxy;
			containerPortal = A32B848A1A79A1DD00F8BB9C /* Project object */;
			proxyType = 1;
			remoteGlobalIDString = A32B84911A79A1DD00F8BB9C;
			remoteInfo = TestAnimation;
		};
/* End PBXContainerItemProxy section */

/* Begin PBXFileReference section */
		A32B84921A79A1DD00F8BB9C /* TestAnimation.app */ = {isa = PBXFileReference; explicitFileType = wrapper.application; includeInIndex = 0; path = TestAnimation.app; sourceTree = BUILT_PRODUCTS_DIR; };
		A32B84961A79A1DD00F8BB9C /* Info.plist */ = {isa = PBXFileReference; lastKnownFileType = text.plist.xml; path = Info.plist; sourceTree = "<group>"; };
		A32B84971A79A1DD00F8BB9C /* main.m */ = {isa = PBXFileReference; lastKnownFileType = sourcecode.c.objc; path = main.m; sourceTree = "<group>"; };
		A32B84991A79A1DD00F8BB9C /* AppDelegate.h */ = {isa = PBXFileReference; lastKnownFileType = sourcecode.c.h; path = AppDelegate.h; sourceTree = "<group>"; };
		A32B849A1A79A1DD00F8BB9C /* AppDelegate.m */ = {isa = PBXFileReference; lastKnownFileType = sourcecode.c.objc; path = AppDelegate.m; sourceTree = "<group>"; };
		A32B849C1A79A1DD00F8BB9C /* ViewController.h */ = {isa = PBXFileReference; lastKnownFileType = sourcecode.c.h; path = ViewController.h; sourceTree = "<group>"; };
		A32B849D1A79A1DD00F8BB9C /* ViewController.m */ = {isa = PBXFileReference; lastKnownFileType = sourcecode.c.objc; path = ViewController.m; sourceTree = "<group>"; };
		A32B84A01A79A1DD00F8BB9C /* Base */ = {isa = PBXFileReference; lastKnownFileType = file.storyboard; name = Base; path = Base.lproj/Main.storyboard; sourceTree = "<group>"; };
		A32B84A21A79A1DD00F8BB9C /* Images.xcassets */ = {isa = PBXFileReference; lastKnownFileType = folder.assetcatalog; path = Images.xcassets; sourceTree = "<group>"; };
		A32B84A51A79A1DD00F8BB9C /* Base */ = {isa = PBXFileReference; lastKnownFileType = file.xib; name = Base; path = Base.lproj/LaunchScreen.xib; sourceTree = "<group>"; };
		A32B84AB1A79A1DD00F8BB9C /* TestAnimationTests.xctest */ = {isa = PBXFileReference; explicitFileType = wrapper.cfbundle; includeInIndex = 0; path = TestAnimationTests.xctest; sourceTree = BUILT_PRODUCTS_DIR; };
		A32B84B01A79A1DD00F8BB9C /* Info.plist */ = {isa = PBXFileReference; lastKnownFileType = text.plist.xml; path = Info.plist; sourceTree = "<group>"; };
		A32B84B11A79A1DD00F8BB9C /* TestAnimationTests.m */ = {isa = PBXFileReference; lastKnownFileType = sourcecode.c.objc; path = TestAnimationTests.m; sourceTree = "<group>"; };
/* End PBXFileReference section */

/* Begin PBXFrameworksBuildPhase section */
		A32B848F1A79A1DD00F8BB9C /* Frameworks */ = {
			isa = PBXFrameworksBuildPhase;
			buildActionMask = 2147483647;
			files = (
			);
			runOnlyForDeploymentPostprocessing = 0;
		};
		A32B84A81A79A1DD00F8BB9C /* Frameworks */ = {
			isa = PBXFrameworksBuildPhase;
			buildActionMask = 2147483647;
			files = (
			);
			runOnlyForDeploymentPostprocessing = 0;
		};
/* End PBXFrameworksBuildPhase section */

/* Begin PBXGroup section */
		A32B84891A79A1DD00F8BB9C = {
			isa = PBXGroup;
			children = (
				A32B84941A79A1DD00F8BB9C /* TestAnimation */,
				A32B84AE1A79A1DD00F8BB9C /* TestAnimationTests */,
				A32B84931A79A1DD00F8BB9C /* Products */,
			);
			sourceTree = "<group>";
		};
		A32B84931A79A1DD00F8BB9C /* Products */ = {
			isa = PBXGroup;
			children = (
				A32B84921A79A1DD00F8BB9C /* TestAnimation.app */,
				A32B84AB1A79A1DD00F8BB9C /* TestAnimationTests.xctest */,
			);
			name = Products;
			sourceTree = "<group>";
		};
		A32B84941A79A1DD00F8BB9C /* TestAnimation */ = {
			isa = PBXGroup;
			children = (
				A32B84991A79A1DD00F8BB9C /* AppDelegate.h */,
				A32B849A1A79A1DD00F8BB9C /* AppDelegate.m */,
				A32B849C1A79A1DD00F8BB9C /* ViewController.h */,
				A32B849D1A79A1DD00F8BB9C /* ViewController.m */,
				A32B849F1A79A1DD00F8BB9C /* Main.storyboard */,
				A32B84A21A79A1DD00F8BB9C /* Images.xcassets */,
				A32B84A41A79A1DD00F8BB9C /* LaunchScreen.xib */,
				A32B84951A79A1DD00F8BB9C /* Supporting Files */,
			);
			path = TestAnimation;
			sourceTree = "<group>";
		};
		A32B84951A79A1DD00F8BB9C /* Supporting Files */ = {
			isa = PBXGroup;
			children = (
				A32B84961A79A1DD00F8BB9C /* Info.plist */,
				A32B84971A79A1DD00F8BB9C /* main.m */,
			);
			name = "Supporting Files";
			sourceTree = "<group>";
		};
		A32B84AE1A79A1DD00F8BB9C /* TestAnimationTests */ = {
			isa = PBXGroup;
			children = (
				A32B84B11A79A1DD00F8BB9C /* TestAnimationTests.m */,
				A32B84AF1A79A1DD00F8BB9C /* Supporting Files */,
			);
			path = TestAnimationTests;
			sourceTree = "<group>";
		};
		A32B84AF1A79A1DD00F8BB9C /* Supporting Files */ = {
			isa = PBXGroup;
			children = (
				A32B84B01A79A1DD00F8BB9C /* Info.plist */,
			);
			name = "Supporting Files";
			sourceTree = "<group>";
		};
/* End PBXGroup section */

/* Begin PBXNativeTarget section */
		A32B84911A79A1DD00F8BB9C /* TestAnimation */ = {
			isa = PBXNativeTarget;
			buildConfigurationList = A32B84B51A79A1DD00F8BB9C /* Build configuration list for PBXNativeTarget "TestAnimation" */;
			buildPhases = (
				A32B848E1A79A1DD00F8BB9C /* Sources */,
				A32B848F1A79A1DD00F8BB9C /* Frameworks */,
				A32B84901A79A1DD00F8BB9C /* Resources */,
			);
			buildRules = (
			);
			dependencies = (
			);
			name = TestAnimation;
			productName = TestAnimation;
			productReference = A32B84921A79A1DD00F8BB9C /* TestAnimation.app */;
			productType = "com.apple.product-type.application";
		};
		A32B84AA1A79A1DD00F8BB9C /* TestAnimationTests */ = {
			isa = PBXNativeTarget;
			buildConfigurationList = A32B84B81A79A1DD00F8BB9C /* Build configuration list for PBXNativeTarget "TestAnimationTests" */;
			buildPhases = (
				A32B84A71A79A1DD00F8BB9C /* Sources */,
				A32B84A81A79A1DD00F8BB9C /* Frameworks */,
				A32B84A91A79A1DD00F8BB9C /* Resources */,
			);
			buildRules = (
			);
			dependencies = (
				A32B84AD1A79A1DD00F8BB9C /* PBXTargetDependency */,
			);
			name = TestAnimationTests;
			productName = TestAnimationTests;
			productReference = A32B84AB1A79A1DD00F8BB9C /* TestAnimationTests.xctest */;
			productType = "com.apple.product-type.bundle.unit-test";
		};
/* End PBXNativeTarget section */

/* Begin PBXProject section */
		A32B848A1A79A1DD00F8BB9C /* Project object */ = {
			isa = PBXProject;
			attributes = {
				LastUpgradeCheck = 0610;
				ORGANIZATIONNAME = Cactus;
				TargetAttributes = {
					A32B84911A79A1DD00F8BB9C = {
						CreatedOnToolsVersion = 6.1.1;
					};
					A32B84AA1A79A1DD00F8BB9C = {
						CreatedOnToolsVersion = 6.1.1;
						TestTargetID = A32B84911A79A1DD00F8BB9C;
					};
				};
			};
			buildConfigurationList = A32B848D1A79A1DD00F8BB9C /* Build configuration list for PBXProject "TestAnimation" */;
			compatibilityVersion = "Xcode 3.2";
			developmentRegion = English;
			hasScannedForEncodings = 0;
			knownRegions = (
				en,
				Base,
			);
			mainGroup = A32B84891A79A1DD00F8BB9C;
			productRefGroup = A32B84931A79A1DD00F8BB9C /* Products */;
			projectDirPath = "";
			projectRoot = "";
			targets = (
				A32B84911A79A1DD00F8BB9C /* TestAnimation */,
				A32B84AA1A79A1DD00F8BB9C /* TestAnimationTests */,
			);
		};
/* End PBXProject section */

/* Begin PBXResourcesBuildPhase section */
		A32B84901A79A1DD00F8BB9C /* Resources */ = {
			isa = PBXResourcesBuildPhase;
			buildActionMask = 2147483647;
			files = (
				A32B84A11A79A1DD00F8BB9C /* Main.storyboard in Resources */,
				A32B84A61A79A1DD00F8BB9C /* LaunchScreen.xib in Resources */,
				A32B84A31A79A1DD00F8BB9C /* Images.xcassets in Resources */,
			);
			runOnlyForDeploymentPostprocessing = 0;
		};
		A32B84A91A79A1DD00F8BB9C /* Resources */ = {
			isa = PBXResourcesBuildPhase;
			buildActionMask = 2147483647;
			files = (
			);
			runOnlyForDeploymentPostprocessing = 0;
		};
/* End PBXResourcesBuildPhase section */

/* Begin PBXSourcesBuildPhase section */
		A32B848E1A79A1DD00F8BB9C /* Sources */ = {
			isa = PBXSourcesBuildPhase;
			buildActionMask = 2147483647;
			files = (
				A32B849E1A79A1DD00F8BB9C /* ViewController.m in Sources */,
				A32B849B1A79A1DD00F8BB9C /* AppDelegate.m in Sources */,
				A32B84981A79A1DD00F8BB9C /* main.m in Sources */,
			);
			runOnlyForDeploymentPostprocessing = 0;
		};
		A32B84A71A79A1DD00F8BB9C /* Sources */ = {
			isa = PBXSourcesBuildPhase;
			buildActionMask = 2147483647;
			files = (
				A32B84B21A79A1DD00F8BB9C /* TestAnimationTests.m in Sources */,
			);
			runOnlyForDeploymentPostprocessing = 0;
		};
/* End PBXSourcesBuildPhase section */

/* Begin PBXTargetDependency section */
		A32B84AD1A79A1DD00F8BB9C /* PBXTargetDependency */ = {
			isa = PBXTargetDependency;
			target = A32B84911A79A1DD00F8BB9C /* TestAnimation */;
			targetProxy = A32B84AC1A79A1DD00F8BB9C /* PBXContainerItemProxy */;
		};
/* End PBXTargetDependency section */

/* Begin PBXVariantGroup section */
		A32B849F1A79A1DD00F8BB9C /* Main.storyboard */ = {
			isa = PBXVariantGroup;
			children = (
				A32B84A01A79A1DD00F8BB9C /* Base */,
			);
			name = Main.storyboard;
			sourceTree = "<group>";
		};
		A32B84A41A79A1DD00F8BB9C /* LaunchScreen.xib */ = {
			isa = PBXVariantGroup;
			children = (
				A32B84A51A79A1DD00F8BB9C /* Base */,
			);
			name = LaunchScreen.xib;
			sourceTree = "<group>";
		};
/* End PBXVariantGroup section */

/* Begin XCBuildConfiguration section */
		A32B84B31A79A1DD00F8BB9C /* Debug */ = {
			isa = XCBuildConfiguration;
			buildSettings = {
				ALWAYS_SEARCH_USER_PATHS = NO;
				CLANG_CXX_LANGUAGE_STANDARD = "gnu++0x";
				CLANG_CXX_LIBRARY = "libc++";
				CLANG_ENABLE_MODULES = YES;
				CLANG_ENABLE_OBJC_ARC = YES;
				CLANG_WARN_BOOL_CONVERSION = YES;
				CLANG_WARN_CONSTANT_CONVERSION = YES;
				CLANG_WARN_DIRECT_OBJC_ISA_USAGE = YES_ERROR;
				CLANG_WARN_EMPTY_BODY = YES;
				CLANG_WARN_ENUM_CONVERSION = YES;
				CLANG_WARN_INT_CONVERSION = YES;
				CLANG_WARN_OBJC_ROOT_CLASS = YES_ERROR;
				CLANG_WARN_UNREACHABLE_CODE = YES;
				CLANG_WARN__DUPLICATE_METHOD_MATCH = YES;
				"CODE_SIGN_IDENTITY[sdk=iphoneos*]" = "iPhone Developer";
				COPY_PHASE_STRIP = NO;
				ENABLE_STRICT_OBJC_MSGSEND = YES;
				GCC_C_LANGUAGE_STANDARD = gnu99;
				GCC_DYNAMIC_NO_PIC = NO;
				GCC_OPTIMIZATION_LEVEL = 0;
				GCC_PREPROCESSOR_DEFINITIONS = (
					"DEBUG=1",
					"$(inherited)",
				);
				GCC_SYMBOLS_PRIVATE_EXTERN = NO;
				GCC_WARN_64_TO_32_BIT_CONVERSION = YES;
				GCC_WARN_ABOUT_RETURN_TYPE = YES_ERROR;
				GCC_WARN_UNDECLARED_SELECTOR = YES;
				GCC_WARN_UNINITIALIZED_AUTOS = YES_AGGRESSIVE;
				GCC_WARN_UNUSED_FUNCTION = YES;
				GCC_WARN_UNUSED_VARIABLE = YES;
				IPHONEOS_DEPLOYMENT_TARGET = 8.1;
				MTL_ENABLE_DEBUG_INFO = YES;
				ONLY_ACTIVE_ARCH = YES;
				SDKROOT = iphoneos;
				TARGETED_DEVICE_FAMILY = "1,2";
			};
			name = Debug;
		};
		A32B84B41A79A1DD00F8BB9C /* Release */ = {
			isa = XCBuildConfiguration;
			buildSettings = {
				ALWAYS_SEARCH_USER_PATHS = NO;
				CLANG_CXX_LANGUAGE_STANDARD = "gnu++0x";
				CLANG_CXX_LIBRARY = "libc++";
				CLANG_ENABLE_MODULES = YES;
				CLANG_ENABLE_OBJC_ARC = YES;
				CLANG_WARN_BOOL_CONVERSION = YES;
				CLANG_WARN_CONSTANT_CONVERSION = YES;
				CLANG_WARN_DIRECT_OBJC_ISA_USAGE = YES_ERROR;
				CLANG_WARN_EMPTY_BODY = YES;
				CLANG_WARN_ENUM_CONVERSION = YES;
				CLANG_WARN_INT_CONVERSION = YES;
				CLANG_WARN_OBJC_ROOT_CLASS = YES_ERROR;
				CLANG_WARN_UNREACHABLE_CODE = YES;
				CLANG_WARN__DUPLICATE_METHOD_MATCH = YES;
				"CODE_SIGN_IDENTITY[sdk=iphoneos*]" = "iPhone Developer";
				COPY_PHASE_STRIP = YES;
				ENABLE_NS_ASSERTIONS = NO;
				ENABLE_STRICT_OBJC_MSGSEND = YES;
				GCC_C_LANGUAGE_STANDARD = gnu99;
				GCC_WARN_64_TO_32_BIT_CONVERSION = YES;
				GCC_WARN_ABOUT_RETURN_TYPE = YES_ERROR;
				GCC_WARN_UNDECLARED_SELECTOR = YES;
				GCC_WARN_UNINITIALIZED_AUTOS = YES_AGGRESSIVE;
				GCC_WARN_UNUSED_FUNCTION = YES;
				GCC_WARN_UNUSED_VARIABLE = YES;
				IPHONEOS_DEPLOYMENT_TARGET = 8.1;
				MTL_ENABLE_DEBUG_INFO = NO;
				SDKROOT = iphoneos;
				TARGETED_DEVICE_FAMILY = "1,2";
				VALIDATE_PRODUCT = YES;
			};
			name = Release;
		};
		A32B84B61A79A1DD00F8BB9C /* Debug */ = {
			isa = XCBuildConfiguration;
			buildSettings = {
				ASSETCATALOG_COMPILER_APPICON_NAME = AppIcon;
				INFOPLIST_FILE = TestAnimation/Info.plist;
				LD_RUNPATH_SEARCH_PATHS = "$(inherited) @executable_path/Frameworks";
				PRODUCT_NAME = "$(TARGET_NAME)";
			};
			name = Debug;
		};
		A32B84B71A79A1DD00F8BB9C /* Release */ = {
			isa = XCBuildConfiguration;
			buildSettings = {
				ASSETCATALOG_COMPILER_APPICON_NAME = AppIcon;
				INFOPLIST_FILE = TestAnimation/Info.plist;
				LD_RUNPATH_SEARCH_PATHS = "$(inherited) @executable_path/Frameworks";
				PRODUCT_NAME = "$(TARGET_NAME)";
			};
			name = Release;
		};
		A32B84B91A79A1DD00F8BB9C /* Debug */ = {
			isa = XCBuildConfiguration;
			buildSettings = {
				BUNDLE_LOADER = "$(TEST_HOST)";
				FRAMEWORK_SEARCH_PATHS = (
					"$(SDKROOT)/Developer/Library/Frameworks",
					"$(inherited)",
				);
				GCC_PREPROCESSOR_DEFINITIONS = (
					"DEBUG=1",
					"$(inherited)",
				);
				INFOPLIST_FILE = TestAnimationTests/Info.plist;
				LD_RUNPATH_SEARCH_PATHS = "$(inherited) @executable_path/Frameworks @loader_path/Frameworks";
				PRODUCT_NAME = "$(TARGET_NAME)";
				TEST_HOST = "$(BUILT_PRODUCTS_DIR)/TestAnimation.app/TestAnimation";
			};
			name = Debug;
		};
		A32B84BA1A79A1DD00F8BB9C /* Release */ = {
			isa = XCBuildConfiguration;
			buildSettings = {
				BUNDLE_LOADER = "$(TEST_HOST)";
				FRAMEWORK_SEARCH_PATHS = (
					"$(SDKROOT)/Developer/Library/Frameworks",
					"$(inherited)",
				);
				INFOPLIST_FILE = TestAnimationTests/Info.plist;
				LD_RUNPATH_SEARCH_PATHS = "$(inherited) @executable_path/Frameworks @loader_path/Frameworks";
				PRODUCT_NAME = "$(TARGET_NAME)";
				TEST_HOST = "$(BUILT_PRODUCTS_DIR)/TestAnimation.app/TestAnimation";
			};
			name = Release;
		};
/* End XCBuildConfiguration section */

/* Begin XCConfigurationList section */
		A32B848D1A79A1DD00F8BB9C /* Build configuration list for PBXProject "TestAnimation" */ = {
			isa = XCConfigurationList;
			buildConfigurations = (
				A32B84B31A79A1DD00F8BB9C /* Debug */,
				A32B84B41A79A1DD00F8BB9C /* Release */,
			);
			defaultConfigurationIsVisible = 0;
			defaultConfigurationName = Release;
		};
		A32B84B51A79A1DD00F8BB9C /* Build configuration list for PBXNativeTarget "TestAnimation" */ = {
			isa = XCConfigurationList;
			buildConfigurations = (
				A32B84B61A79A1DD00F8BB9C /* Debug */,
				A32B84B71A79A1DD00F8BB9C /* Release */,
			);
			defaultConfigurationIsVisible = 0;
		};
		A32B84B81A79A1DD00F8BB9C /* Build configuration list for PBXNativeTarget "TestAnimationTests" */ = {
			isa = XCConfigurationList;
			buildConfigurations = (
				A32B84B91A79A1DD00F8BB9C /* Debug */,
				A32B84BA1A79A1DD00F8BB9C /* Release */,
			);
			defaultConfigurationIsVisible = 0;
		};
/* End XCConfigurationList section */
	};
	rootObject = A32B848A1A79A1DD00F8BB9C /* Project object */;
}
